// !$*UTF8*$!
{
	archiveVersion = 1;
	classes = {
	};
	objectVersion = 50;
	objects = {

/* Begin PBXBuildFile section */
		37A9688371F64F35A565042E /* Pods_iOSBasics.framework in Frameworks */ = {isa = PBXBuildFile; fileRef = 600BBFBDC9F4D516C453F446 /* Pods_iOSBasics.framework */; };
		CB294FA321AA5EF000F715EB /* PasswordAutoFillViewController.swift in Sources */ = {isa = PBXBuildFile; fileRef = CB294FA221AA5EF000F715EB /* PasswordAutoFillViewController.swift */; };
		CB44B266219BA06F00A59600 /* AppDelegate.swift in Sources */ = {isa = PBXBuildFile; fileRef = CB44B265219BA06F00A59600 /* AppDelegate.swift */; };
		CB44B268219BA06F00A59600 /* MasterViewController.swift in Sources */ = {isa = PBXBuildFile; fileRef = CB44B267219BA06F00A59600 /* MasterViewController.swift */; };
		CB44B26A219BA06F00A59600 /* DetailViewController.swift in Sources */ = {isa = PBXBuildFile; fileRef = CB44B269219BA06F00A59600 /* DetailViewController.swift */; };
		CB44B26D219BA06F00A59600 /* Main.storyboard in Resources */ = {isa = PBXBuildFile; fileRef = CB44B26B219BA06F00A59600 /* Main.storyboard */; };
		CB44B26F219BA07000A59600 /* Assets.xcassets in Resources */ = {isa = PBXBuildFile; fileRef = CB44B26E219BA07000A59600 /* Assets.xcassets */; };
		CB44B272219BA07000A59600 /* LaunchScreen.storyboard in Resources */ = {isa = PBXBuildFile; fileRef = CB44B270219BA07000A59600 /* LaunchScreen.storyboard */; };
		CB44B27D219BA07000A59600 /* iOSBasicsTests.swift in Sources */ = {isa = PBXBuildFile; fileRef = CB44B27C219BA07000A59600 /* iOSBasicsTests.swift */; };
		CB44B288219BA07000A59600 /* iOSBasicsUITests.swift in Sources */ = {isa = PBXBuildFile; fileRef = CB44B287219BA07000A59600 /* iOSBasicsUITests.swift */; };
		CB44B29A219C157E00A59600 /* Features.storyboard in Resources */ = {isa = PBXBuildFile; fileRef = CB44B299219C157E00A59600 /* Features.storyboard */; };
		CB44B29E219C15F500A59600 /* WebViewViewController.swift in Sources */ = {isa = PBXBuildFile; fileRef = CB44B29D219C15F500A59600 /* WebViewViewController.swift */; };
		CB44B2A2219D10B600A59600 /* AutoLayoutViewController.swift in Sources */ = {isa = PBXBuildFile; fileRef = CB44B2A1219D10B600A59600 /* AutoLayoutViewController.swift */; };
		CB44B2A4219D5F3200A59600 /* NetworkViewController.swift in Sources */ = {isa = PBXBuildFile; fileRef = CB44B2A3219D5F3200A59600 /* NetworkViewController.swift */; };
/* End PBXBuildFile section */

/* Begin PBXContainerItemProxy section */
		CB44B279219BA07000A59600 /* PBXContainerItemProxy */ = {
			isa = PBXContainerItemProxy;
			containerPortal = CB44B25A219BA06F00A59600 /* Project object */;
			proxyType = 1;
			remoteGlobalIDString = CB44B261219BA06F00A59600;
			remoteInfo = iOSBasics;
		};
		CB44B284219BA07000A59600 /* PBXContainerItemProxy */ = {
			isa = PBXContainerItemProxy;
			containerPortal = CB44B25A219BA06F00A59600 /* Project object */;
			proxyType = 1;
			remoteGlobalIDString = CB44B261219BA06F00A59600;
			remoteInfo = iOSBasics;
		};
/* End PBXContainerItemProxy section */

/* Begin PBXFileReference section */
		3D31729876210C7D313DCCA3 /* Pods-iOSBasics.release.xcconfig */ = {isa = PBXFileReference; includeInIndex = 1; lastKnownFileType = text.xcconfig; name = "Pods-iOSBasics.release.xcconfig"; path = "Pods/Target Support Files/Pods-iOSBasics/Pods-iOSBasics.release.xcconfig"; sourceTree = "<group>"; };
		600BBFBDC9F4D516C453F446 /* Pods_iOSBasics.framework */ = {isa = PBXFileReference; explicitFileType = wrapper.framework; includeInIndex = 0; path = Pods_iOSBasics.framework; sourceTree = BUILT_PRODUCTS_DIR; };
		CB294F6621A4D2D800F715EB /* Distribution.md */ = {isa = PBXFileReference; lastKnownFileType = net.daringfireball.markdown; path = Distribution.md; sourceTree = "<group>"; };
		CB294F6721A4DF5300F715EB /* Signing.md */ = {isa = PBXFileReference; lastKnownFileType = net.daringfireball.markdown; path = Signing.md; sourceTree = "<group>"; };
		CB294FA221AA5EF000F715EB /* PasswordAutoFillViewController.swift */ = {isa = PBXFileReference; lastKnownFileType = sourcecode.swift; path = PasswordAutoFillViewController.swift; sourceTree = "<group>"; };
		CB294FA421AA640100F715EB /* iOSBasics.entitlements */ = {isa = PBXFileReference; lastKnownFileType = text.plist.entitlements; path = iOSBasics.entitlements; sourceTree = "<group>"; };
		CB294FA521AEC14300F715EB /* NetworkTask.md */ = {isa = PBXFileReference; lastKnownFileType = net.daringfireball.markdown; path = NetworkTask.md; sourceTree = "<group>"; };
		CB294FA621B0C16800F715EB /* OAuth.md */ = {isa = PBXFileReference; lastKnownFileType = net.daringfireball.markdown; path = OAuth.md; sourceTree = "<group>"; };
		CB44B262219BA06F00A59600 /* iOSBasics.app */ = {isa = PBXFileReference; explicitFileType = wrapper.application; includeInIndex = 0; path = iOSBasics.app; sourceTree = BUILT_PRODUCTS_DIR; };
		CB44B265219BA06F00A59600 /* AppDelegate.swift */ = {isa = PBXFileReference; lastKnownFileType = sourcecode.swift; path = AppDelegate.swift; sourceTree = "<group>"; };
		CB44B267219BA06F00A59600 /* MasterViewController.swift */ = {isa = PBXFileReference; lastKnownFileType = sourcecode.swift; path = MasterViewController.swift; sourceTree = "<group>"; };
		CB44B269219BA06F00A59600 /* DetailViewController.swift */ = {isa = PBXFileReference; lastKnownFileType = sourcecode.swift; path = DetailViewController.swift; sourceTree = "<group>"; };
		CB44B26C219BA06F00A59600 /* Base */ = {isa = PBXFileReference; lastKnownFileType = file.storyboard; name = Base; path = Base.lproj/Main.storyboard; sourceTree = "<group>"; };
		CB44B26E219BA07000A59600 /* Assets.xcassets */ = {isa = PBXFileReference; lastKnownFileType = folder.assetcatalog; path = Assets.xcassets; sourceTree = "<group>"; };
		CB44B271219BA07000A59600 /* Base */ = {isa = PBXFileReference; lastKnownFileType = file.storyboard; name = Base; path = Base.lproj/LaunchScreen.storyboard; sourceTree = "<group>"; };
		CB44B273219BA07000A59600 /* Info.plist */ = {isa = PBXFileReference; lastKnownFileType = text.plist.xml; path = Info.plist; sourceTree = "<group>"; };
		CB44B278219BA07000A59600 /* iOSBasicsTests.xctest */ = {isa = PBXFileReference; explicitFileType = wrapper.cfbundle; includeInIndex = 0; path = iOSBasicsTests.xctest; sourceTree = BUILT_PRODUCTS_DIR; };
		CB44B27C219BA07000A59600 /* iOSBasicsTests.swift */ = {isa = PBXFileReference; lastKnownFileType = sourcecode.swift; path = iOSBasicsTests.swift; sourceTree = "<group>"; };
		CB44B27E219BA07000A59600 /* Info.plist */ = {isa = PBXFileReference; lastKnownFileType = text.plist.xml; path = Info.plist; sourceTree = "<group>"; };
		CB44B283219BA07000A59600 /* iOSBasicsUITests.xctest */ = {isa = PBXFileReference; explicitFileType = wrapper.cfbundle; includeInIndex = 0; path = iOSBasicsUITests.xctest; sourceTree = BUILT_PRODUCTS_DIR; };
		CB44B287219BA07000A59600 /* iOSBasicsUITests.swift */ = {isa = PBXFileReference; lastKnownFileType = sourcecode.swift; path = iOSBasicsUITests.swift; sourceTree = "<group>"; };
		CB44B289219BA07000A59600 /* Info.plist */ = {isa = PBXFileReference; lastKnownFileType = text.plist.xml; path = Info.plist; sourceTree = "<group>"; };
		CB44B296219BA31500A59600 /* GitUsages.md */ = {isa = PBXFileReference; lastKnownFileType = net.daringfireball.markdown; path = GitUsages.md; sourceTree = "<group>"; };
		CB44B299219C157E00A59600 /* Features.storyboard */ = {isa = PBXFileReference; lastKnownFileType = file.storyboard; path = Features.storyboard; sourceTree = "<group>"; };
		CB44B29D219C15F500A59600 /* WebViewViewController.swift */ = {isa = PBXFileReference; lastKnownFileType = sourcecode.swift; path = WebViewViewController.swift; sourceTree = "<group>"; };
		CB44B29F219C192400A59600 /* BuildSettings.md */ = {isa = PBXFileReference; lastKnownFileType = net.daringfireball.markdown; path = BuildSettings.md; sourceTree = "<group>"; };
		CB44B2A0219C1DB200A59600 /* Todo.md */ = {isa = PBXFileReference; lastKnownFileType = net.daringfireball.markdown; path = Todo.md; sourceTree = "<group>"; };
		CB44B2A1219D10B600A59600 /* AutoLayoutViewController.swift */ = {isa = PBXFileReference; lastKnownFileType = sourcecode.swift; path = AutoLayoutViewController.swift; sourceTree = "<group>"; };
		CB44B2A3219D5F3200A59600 /* NetworkViewController.swift */ = {isa = PBXFileReference; lastKnownFileType = sourcecode.swift; path = NetworkViewController.swift; sourceTree = "<group>"; };
		CB4E7A49219F918B009BC94E /* CocoaLumberjack.md */ = {isa = PBXFileReference; lastKnownFileType = net.daringfireball.markdown; path = CocoaLumberjack.md; sourceTree = "<group>"; };
		CB4E7A4A21A0DE82009BC94E /* Architecture.md */ = {isa = PBXFileReference; lastKnownFileType = net.daringfireball.markdown; path = Architecture.md; sourceTree = "<group>"; };
		CB6D99E221BF3CBD007EABDD /* CocoaPodsForMultipleTarget.md */ = {isa = PBXFileReference; lastKnownFileType = net.daringfireball.markdown; path = CocoaPodsForMultipleTarget.md; sourceTree = "<group>"; };
		FFBEC2C043AF5E69716B378D /* Pods-iOSBasics.debug.xcconfig */ = {isa = PBXFileReference; includeInIndex = 1; lastKnownFileType = text.xcconfig; name = "Pods-iOSBasics.debug.xcconfig"; path = "Pods/Target Support Files/Pods-iOSBasics/Pods-iOSBasics.debug.xcconfig"; sourceTree = "<group>"; };
/* End PBXFileReference section */

/* Begin PBXFrameworksBuildPhase section */
		CB44B25F219BA06F00A59600 /* Frameworks */ = {
			isa = PBXFrameworksBuildPhase;
			buildActionMask = 2147483647;
			files = (
				37A9688371F64F35A565042E /* Pods_iOSBasics.framework in Frameworks */,
			);
			runOnlyForDeploymentPostprocessing = 0;
		};
		CB44B275219BA07000A59600 /* Frameworks */ = {
			isa = PBXFrameworksBuildPhase;
			buildActionMask = 2147483647;
			files = (
			);
			runOnlyForDeploymentPostprocessing = 0;
		};
		CB44B280219BA07000A59600 /* Frameworks */ = {
			isa = PBXFrameworksBuildPhase;
			buildActionMask = 2147483647;
			files = (
			);
			runOnlyForDeploymentPostprocessing = 0;
		};
/* End PBXFrameworksBuildPhase section */

/* Begin PBXGroup section */
		3168DDC59297893BD8D3A28E /* Pods */ = {
			isa = PBXGroup;
			children = (
				FFBEC2C043AF5E69716B378D /* Pods-iOSBasics.debug.xcconfig */,
				3D31729876210C7D313DCCA3 /* Pods-iOSBasics.release.xcconfig */,
			);
			name = Pods;
			sourceTree = "<group>";
		};
		C43B14CD4B1406D35EA7C0D9 /* Frameworks */ = {
			isa = PBXGroup;
			children = (
				600BBFBDC9F4D516C453F446 /* Pods_iOSBasics.framework */,
			);
			name = Frameworks;
			sourceTree = "<group>";
		};
		CB44B259219BA06F00A59600 = {
			isa = PBXGroup;
			children = (
				CB44B264219BA06F00A59600 /* iOSBasics */,
				CB44B27B219BA07000A59600 /* iOSBasicsTests */,
				CB44B286219BA07000A59600 /* iOSBasicsUITests */,
				CB44B263219BA06F00A59600 /* Products */,
				3168DDC59297893BD8D3A28E /* Pods */,
				C43B14CD4B1406D35EA7C0D9 /* Frameworks */,
			);
			sourceTree = "<group>";
		};
		CB44B263219BA06F00A59600 /* Products */ = {
			isa = PBXGroup;
			children = (
				CB44B262219BA06F00A59600 /* iOSBasics.app */,
				CB44B278219BA07000A59600 /* iOSBasicsTests.xctest */,
				CB44B283219BA07000A59600 /* iOSBasicsUITests.xctest */,
			);
			name = Products;
			sourceTree = "<group>";
		};
		CB44B264219BA06F00A59600 /* iOSBasics */ = {
			isa = PBXGroup;
			children = (
				CB294FA421AA640100F715EB /* iOSBasics.entitlements */,
				CB44B297219C155200A59600 /* Features */,
				CB44B295219BA2EC00A59600 /* HowTo */,
				CB44B265219BA06F00A59600 /* AppDelegate.swift */,
				CB44B267219BA06F00A59600 /* MasterViewController.swift */,
				CB44B269219BA06F00A59600 /* DetailViewController.swift */,
				CB44B26B219BA06F00A59600 /* Main.storyboard */,
				CB44B26E219BA07000A59600 /* Assets.xcassets */,
				CB44B270219BA07000A59600 /* LaunchScreen.storyboard */,
				CB44B273219BA07000A59600 /* Info.plist */,
			);
			path = iOSBasics;
			sourceTree = "<group>";
		};
		CB44B27B219BA07000A59600 /* iOSBasicsTests */ = {
			isa = PBXGroup;
			children = (
				CB44B27C219BA07000A59600 /* iOSBasicsTests.swift */,
				CB44B27E219BA07000A59600 /* Info.plist */,
			);
			path = iOSBasicsTests;
			sourceTree = "<group>";
		};
		CB44B286219BA07000A59600 /* iOSBasicsUITests */ = {
			isa = PBXGroup;
			children = (
				CB44B287219BA07000A59600 /* iOSBasicsUITests.swift */,
				CB44B289219BA07000A59600 /* Info.plist */,
			);
			path = iOSBasicsUITests;
			sourceTree = "<group>";
		};
		CB44B295219BA2EC00A59600 /* HowTo */ = {
			isa = PBXGroup;
			children = (
				CB44B296219BA31500A59600 /* GitUsages.md */,
				CB44B29F219C192400A59600 /* BuildSettings.md */,
				CB44B2A0219C1DB200A59600 /* Todo.md */,
				CB4E7A49219F918B009BC94E /* CocoaLumberjack.md */,
				CB4E7A4A21A0DE82009BC94E /* Architecture.md */,
				CB294F6621A4D2D800F715EB /* Distribution.md */,
				CB294F6721A4DF5300F715EB /* Signing.md */,
				CB294FA521AEC14300F715EB /* NetworkTask.md */,
				CB294FA621B0C16800F715EB /* OAuth.md */,
				CB6D99E221BF3CBD007EABDD /* CocoaPodsForMultipleTarget.md */,
			);
			path = HowTo;
			sourceTree = "<group>";
		};
		CB44B297219C155200A59600 /* Features */ = {
			isa = PBXGroup;
			children = (
				CB44B299219C157E00A59600 /* Features.storyboard */,
				CB44B29D219C15F500A59600 /* WebViewViewController.swift */,
				CB44B2A1219D10B600A59600 /* AutoLayoutViewController.swift */,
				CB44B2A3219D5F3200A59600 /* NetworkViewController.swift */,
				CB294FA221AA5EF000F715EB /* PasswordAutoFillViewController.swift */,
			);
			path = Features;
			sourceTree = "<group>";
		};
/* End PBXGroup section */

/* Begin PBXNativeTarget section */
		CB44B261219BA06F00A59600 /* iOSBasics */ = {
			isa = PBXNativeTarget;
			buildConfigurationList = CB44B28C219BA07000A59600 /* Build configuration list for PBXNativeTarget "iOSBasics" */;
			buildPhases = (
				74380845B152D983C2EC6E3B /* [CP] Check Pods Manifest.lock */,
				CB44B25E219BA06F00A59600 /* Sources */,
				CB44B25F219BA06F00A59600 /* Frameworks */,
				CB44B260219BA06F00A59600 /* Resources */,
				86495C26A5ED4053E6C8CB96 /* [CP] Embed Pods Frameworks */,
			);
			buildRules = (
			);
			dependencies = (
			);
			name = iOSBasics;
			productName = iOSBasics;
			productReference = CB44B262219BA06F00A59600 /* iOSBasics.app */;
			productType = "com.apple.product-type.application";
		};
		CB44B277219BA07000A59600 /* iOSBasicsTests */ = {
			isa = PBXNativeTarget;
			buildConfigurationList = CB44B28F219BA07000A59600 /* Build configuration list for PBXNativeTarget "iOSBasicsTests" */;
			buildPhases = (
				CB44B274219BA07000A59600 /* Sources */,
				CB44B275219BA07000A59600 /* Frameworks */,
				CB44B276219BA07000A59600 /* Resources */,
			);
			buildRules = (
			);
			dependencies = (
				CB44B27A219BA07000A59600 /* PBXTargetDependency */,
			);
			name = iOSBasicsTests;
			productName = iOSBasicsTests;
			productReference = CB44B278219BA07000A59600 /* iOSBasicsTests.xctest */;
			productType = "com.apple.product-type.bundle.unit-test";
		};
		CB44B282219BA07000A59600 /* iOSBasicsUITests */ = {
			isa = PBXNativeTarget;
			buildConfigurationList = CB44B292219BA07000A59600 /* Build configuration list for PBXNativeTarget "iOSBasicsUITests" */;
			buildPhases = (
				CB44B27F219BA07000A59600 /* Sources */,
				CB44B280219BA07000A59600 /* Frameworks */,
				CB44B281219BA07000A59600 /* Resources */,
			);
			buildRules = (
			);
			dependencies = (
				CB44B285219BA07000A59600 /* PBXTargetDependency */,
			);
			name = iOSBasicsUITests;
			productName = iOSBasicsUITests;
			productReference = CB44B283219BA07000A59600 /* iOSBasicsUITests.xctest */;
			productType = "com.apple.product-type.bundle.ui-testing";
		};
/* End PBXNativeTarget section */

/* Begin PBXProject section */
		CB44B25A219BA06F00A59600 /* Project object */ = {
			isa = PBXProject;
			attributes = {
				LastSwiftUpdateCheck = 1000;
				LastUpgradeCheck = 1000;
				ORGANIZATIONNAME = MayPark;
				TargetAttributes = {
					CB44B261219BA06F00A59600 = {
						CreatedOnToolsVersion = 10.0;
						SystemCapabilities = {
							com.apple.SafariKeychain = {
								enabled = 1;
							};
						};
					};
					CB44B277219BA07000A59600 = {
						CreatedOnToolsVersion = 10.0;
						TestTargetID = CB44B261219BA06F00A59600;
					};
					CB44B282219BA07000A59600 = {
						CreatedOnToolsVersion = 10.0;
						TestTargetID = CB44B261219BA06F00A59600;
					};
				};
			};
			buildConfigurationList = CB44B25D219BA06F00A59600 /* Build configuration list for PBXProject "iOSBasics" */;
			compatibilityVersion = "Xcode 9.3";
			developmentRegion = en;
			hasScannedForEncodings = 0;
			knownRegions = (
				en,
				Base,
			);
			mainGroup = CB44B259219BA06F00A59600;
			productRefGroup = CB44B263219BA06F00A59600 /* Products */;
			projectDirPath = "";
			projectRoot = "";
			targets = (
				CB44B261219BA06F00A59600 /* iOSBasics */,
				CB44B277219BA07000A59600 /* iOSBasicsTests */,
				CB44B282219BA07000A59600 /* iOSBasicsUITests */,
			);
		};
/* End PBXProject section */

/* Begin PBXResourcesBuildPhase section */
		CB44B260219BA06F00A59600 /* Resources */ = {
			isa = PBXResourcesBuildPhase;
			buildActionMask = 2147483647;
			files = (
				CB44B272219BA07000A59600 /* LaunchScreen.storyboard in Resources */,
				CB44B29A219C157E00A59600 /* Features.storyboard in Resources */,
				CB44B26F219BA07000A59600 /* Assets.xcassets in Resources */,
				CB44B26D219BA06F00A59600 /* Main.storyboard in Resources */,
			);
			runOnlyForDeploymentPostprocessing = 0;
		};
		CB44B276219BA07000A59600 /* Resources */ = {
			isa = PBXResourcesBuildPhase;
			buildActionMask = 2147483647;
			files = (
			);
			runOnlyForDeploymentPostprocessing = 0;
		};
		CB44B281219BA07000A59600 /* Resources */ = {
			isa = PBXResourcesBuildPhase;
			buildActionMask = 2147483647;
			files = (
			);
			runOnlyForDeploymentPostprocessing = 0;
		};
/* End PBXResourcesBuildPhase section */

/* Begin PBXShellScriptBuildPhase section */
		74380845B152D983C2EC6E3B /* [CP] Check Pods Manifest.lock */ = {
			isa = PBXShellScriptBuildPhase;
			buildActionMask = 2147483647;
			files = (
			);
			inputFileListPaths = (
			);
			inputPaths = (
				"${PODS_PODFILE_DIR_PATH}/Podfile.lock",
				"${PODS_ROOT}/Manifest.lock",
			);
			name = "[CP] Check Pods Manifest.lock";
			outputFileListPaths = (
			);
			outputPaths = (
				"$(DERIVED_FILE_DIR)/Pods-iOSBasics-checkManifestLockResult.txt",
			);
			runOnlyForDeploymentPostprocessing = 0;
			shellPath = /bin/sh;
			shellScript = "diff \"${PODS_PODFILE_DIR_PATH}/Podfile.lock\" \"${PODS_ROOT}/Manifest.lock\" > /dev/null\nif [ $? != 0 ] ; then\n    # print error to STDERR\n    echo \"error: The sandbox is not in sync with the Podfile.lock. Run 'pod install' or update your CocoaPods installation.\" >&2\n    exit 1\nfi\n# This output is used by Xcode 'outputs' to avoid re-running this script phase.\necho \"SUCCESS\" > \"${SCRIPT_OUTPUT_FILE_0}\"\n";
			showEnvVarsInLog = 0;
		};
		86495C26A5ED4053E6C8CB96 /* [CP] Embed Pods Frameworks */ = {
			isa = PBXShellScriptBuildPhase;
			buildActionMask = 2147483647;
			files = (
			);
			inputFileListPaths = (
			);
			inputPaths = (
				"${SRCROOT}/Pods/Target Support Files/Pods-iOSBasics/Pods-iOSBasics-frameworks.sh",
				"${BUILT_PRODUCTS_DIR}/Alamofire/Alamofire.framework",
				"${BUILT_PRODUCTS_DIR}/CocoaLumberjack/CocoaLumberjack.framework",
				"${BUILT_PRODUCTS_DIR}/SnapKit/SnapKit.framework",
			);
			name = "[CP] Embed Pods Frameworks";
			outputFileListPaths = (
			);
			outputPaths = (
				"${TARGET_BUILD_DIR}/${FRAMEWORKS_FOLDER_PATH}/Alamofire.framework",
				"${TARGET_BUILD_DIR}/${FRAMEWORKS_FOLDER_PATH}/CocoaLumberjack.framework",
				"${TARGET_BUILD_DIR}/${FRAMEWORKS_FOLDER_PATH}/SnapKit.framework",
			);
			runOnlyForDeploymentPostprocessing = 0;
			shellPath = /bin/sh;
			shellScript = "\"${SRCROOT}/Pods/Target Support Files/Pods-iOSBasics/Pods-iOSBasics-frameworks.sh\"\n";
			showEnvVarsInLog = 0;
		};
/* End PBXShellScriptBuildPhase section */

/* Begin PBXSourcesBuildPhase section */
		CB44B25E219BA06F00A59600 /* Sources */ = {
			isa = PBXSourcesBuildPhase;
			buildActionMask = 2147483647;
			files = (
				CB294FA321AA5EF000F715EB /* PasswordAutoFillViewController.swift in Sources */,
				CB44B26A219BA06F00A59600 /* DetailViewController.swift in Sources */,
				CB44B2A4219D5F3200A59600 /* NetworkViewController.swift in Sources */,
				CB44B268219BA06F00A59600 /* MasterViewController.swift in Sources */,
				CB44B29E219C15F500A59600 /* WebViewViewController.swift in Sources */,
				CB44B266219BA06F00A59600 /* AppDelegate.swift in Sources */,
				CB44B2A2219D10B600A59600 /* AutoLayoutViewController.swift in Sources */,
			);
			runOnlyForDeploymentPostprocessing = 0;
		};
		CB44B274219BA07000A59600 /* Sources */ = {
			isa = PBXSourcesBuildPhase;
			buildActionMask = 2147483647;
			files = (
				CB44B27D219BA07000A59600 /* iOSBasicsTests.swift in Sources */,
			);
			runOnlyForDeploymentPostprocessing = 0;
		};
		CB44B27F219BA07000A59600 /* Sources */ = {
			isa = PBXSourcesBuildPhase;
			buildActionMask = 2147483647;
			files = (
				CB44B288219BA07000A59600 /* iOSBasicsUITests.swift in Sources */,
			);
			runOnlyForDeploymentPostprocessing = 0;
		};
/* End PBXSourcesBuildPhase section */

/* Begin PBXTargetDependency section */
		CB44B27A219BA07000A59600 /* PBXTargetDependency */ = {
			isa = PBXTargetDependency;
			target = CB44B261219BA06F00A59600 /* iOSBasics */;
			targetProxy = CB44B279219BA07000A59600 /* PBXContainerItemProxy */;
		};
		CB44B285219BA07000A59600 /* PBXTargetDependency */ = {
			isa = PBXTargetDependency;
			target = CB44B261219BA06F00A59600 /* iOSBasics */;
			targetProxy = CB44B284219BA07000A59600 /* PBXContainerItemProxy */;
		};
/* End PBXTargetDependency section */

/* Begin PBXVariantGroup section */
		CB44B26B219BA06F00A59600 /* Main.storyboard */ = {
			isa = PBXVariantGroup;
			children = (
				CB44B26C219BA06F00A59600 /* Base */,
			);
			name = Main.storyboard;
			sourceTree = "<group>";
		};
		CB44B270219BA07000A59600 /* LaunchScreen.storyboard */ = {
			isa = PBXVariantGroup;
			children = (
				CB44B271219BA07000A59600 /* Base */,
			);
			name = LaunchScreen.storyboard;
			sourceTree = "<group>";
		};
/* End PBXVariantGroup section */

/* Begin XCBuildConfiguration section */
		CB44B28A219BA07000A59600 /* Debug */ = {
			isa = XCBuildConfiguration;
			buildSettings = {
				ALWAYS_SEARCH_USER_PATHS = NO;
				CLANG_ANALYZER_NONNULL = YES;
				CLANG_ANALYZER_NUMBER_OBJECT_CONVERSION = YES_AGGRESSIVE;
				CLANG_CXX_LANGUAGE_STANDARD = "gnu++14";
				CLANG_CXX_LIBRARY = "libc++";
				CLANG_ENABLE_MODULES = YES;
				CLANG_ENABLE_OBJC_ARC = YES;
				CLANG_ENABLE_OBJC_WEAK = YES;
				CLANG_WARN_BLOCK_CAPTURE_AUTORELEASING = YES;
				CLANG_WARN_BOOL_CONVERSION = YES;
				CLANG_WARN_COMMA = YES;
				CLANG_WARN_CONSTANT_CONVERSION = YES;
				CLANG_WARN_DEPRECATED_OBJC_IMPLEMENTATIONS = YES;
				CLANG_WARN_DIRECT_OBJC_ISA_USAGE = YES_ERROR;
				CLANG_WARN_DOCUMENTATION_COMMENTS = YES;
				CLANG_WARN_EMPTY_BODY = YES;
				CLANG_WARN_ENUM_CONVERSION = YES;
				CLANG_WARN_INFINITE_RECURSION = YES;
				CLANG_WARN_INT_CONVERSION = YES;
				CLANG_WARN_NON_LITERAL_NULL_CONVERSION = YES;
				CLANG_WARN_OBJC_IMPLICIT_RETAIN_SELF = YES;
				CLANG_WARN_OBJC_LITERAL_CONVERSION = YES;
				CLANG_WARN_OBJC_ROOT_CLASS = YES_ERROR;
				CLANG_WARN_RANGE_LOOP_ANALYSIS = YES;
				CLANG_WARN_STRICT_PROTOTYPES = YES;
				CLANG_WARN_SUSPICIOUS_MOVE = YES;
				CLANG_WARN_UNGUARDED_AVAILABILITY = YES_AGGRESSIVE;
				CLANG_WARN_UNREACHABLE_CODE = YES;
				CLANG_WARN__DUPLICATE_METHOD_MATCH = YES;
				CODE_SIGN_IDENTITY = "iPhone Developer";
				COPY_PHASE_STRIP = NO;
				DEBUG_INFORMATION_FORMAT = dwarf;
				ENABLE_STRICT_OBJC_MSGSEND = YES;
				ENABLE_TESTABILITY = YES;
				GCC_C_LANGUAGE_STANDARD = gnu11;
				GCC_DYNAMIC_NO_PIC = NO;
				GCC_NO_COMMON_BLOCKS = YES;
				GCC_OPTIMIZATION_LEVEL = 0;
				GCC_PREPROCESSOR_DEFINITIONS = (
					"DEBUG=1",
					"$(inherited)",
				);
				GCC_WARN_64_TO_32_BIT_CONVERSION = YES;
				GCC_WARN_ABOUT_RETURN_TYPE = YES_ERROR;
				GCC_WARN_UNDECLARED_SELECTOR = YES;
				GCC_WARN_UNINITIALIZED_AUTOS = YES_AGGRESSIVE;
				GCC_WARN_UNUSED_FUNCTION = YES;
				GCC_WARN_UNUSED_VARIABLE = YES;
				IPHONEOS_DEPLOYMENT_TARGET = 9.0;
				MTL_ENABLE_DEBUG_INFO = INCLUDE_SOURCE;
				MTL_FAST_MATH = YES;
				ONLY_ACTIVE_ARCH = YES;
				SDKROOT = iphoneos;
				SWIFT_ACTIVE_COMPILATION_CONDITIONS = DEBUG;
				SWIFT_OPTIMIZATION_LEVEL = "-Onone";
			};
			name = Debug;
		};
		CB44B28B219BA07000A59600 /* Release */ = {
			isa = XCBuildConfiguration;
			buildSettings = {
				ALWAYS_SEARCH_USER_PATHS = NO;
				CLANG_ANALYZER_NONNULL = YES;
				CLANG_ANALYZER_NUMBER_OBJECT_CONVERSION = YES_AGGRESSIVE;
				CLANG_CXX_LANGUAGE_STANDARD = "gnu++14";
				CLANG_CXX_LIBRARY = "libc++";
				CLANG_ENABLE_MODULES = YES;
				CLANG_ENABLE_OBJC_ARC = YES;
				CLANG_ENABLE_OBJC_WEAK = YES;
				CLANG_WARN_BLOCK_CAPTURE_AUTORELEASING = YES;
				CLANG_WARN_BOOL_CONVERSION = YES;
				CLANG_WARN_COMMA = YES;
				CLANG_WARN_CONSTANT_CONVERSION = YES;
				CLANG_WARN_DEPRECATED_OBJC_IMPLEMENTATIONS = YES;
				CLANG_WARN_DIRECT_OBJC_ISA_USAGE = YES_ERROR;
				CLANG_WARN_DOCUMENTATION_COMMENTS = YES;
				CLANG_WARN_EMPTY_BODY = YES;
				CLANG_WARN_ENUM_CONVERSION = YES;
				CLANG_WARN_INFINITE_RECURSION = YES;
				CLANG_WARN_INT_CONVERSION = YES;
				CLANG_WARN_NON_LITERAL_NULL_CONVERSION = YES;
				CLANG_WARN_OBJC_IMPLICIT_RETAIN_SELF = YES;
				CLANG_WARN_OBJC_LITERAL_CONVERSION = YES;
				CLANG_WARN_OBJC_ROOT_CLASS = YES_ERROR;
				CLANG_WARN_RANGE_LOOP_ANALYSIS = YES;
				CLANG_WARN_STRICT_PROTOTYPES = YES;
				CLANG_WARN_SUSPICIOUS_MOVE = YES;
				CLANG_WARN_UNGUARDED_AVAILABILITY = YES_AGGRESSIVE;
				CLANG_WARN_UNREACHABLE_CODE = YES;
				CLANG_WARN__DUPLICATE_METHOD_MATCH = YES;
				CODE_SIGN_IDENTITY = "iPhone Developer";
				COPY_PHASE_STRIP = NO;
				DEBUG_INFORMATION_FORMAT = "dwarf-with-dsym";
				ENABLE_NS_ASSERTIONS = NO;
				ENABLE_STRICT_OBJC_MSGSEND = YES;
				GCC_C_LANGUAGE_STANDARD = gnu11;
				GCC_NO_COMMON_BLOCKS = YES;
				GCC_WARN_64_TO_32_BIT_CONVERSION = YES;
				GCC_WARN_ABOUT_RETURN_TYPE = YES_ERROR;
				GCC_WARN_UNDECLARED_SELECTOR = YES;
				GCC_WARN_UNINITIALIZED_AUTOS = YES_AGGRESSIVE;
				GCC_WARN_UNUSED_FUNCTION = YES;
				GCC_WARN_UNUSED_VARIABLE = YES;
				IPHONEOS_DEPLOYMENT_TARGET = 9.0;
				MTL_ENABLE_DEBUG_INFO = NO;
				MTL_FAST_MATH = YES;
				SDKROOT = iphoneos;
				SWIFT_COMPILATION_MODE = wholemodule;
				SWIFT_OPTIMIZATION_LEVEL = "-O";
				VALIDATE_PRODUCT = YES;
			};
			name = Release;
		};
		CB44B28D219BA07000A59600 /* Debug */ = {
			isa = XCBuildConfiguration;
			baseConfigurationReference = FFBEC2C043AF5E69716B378D /* Pods-iOSBasics.debug.xcconfig */;
			buildSettings = {
				ASSETCATALOG_COMPILER_APPICON_NAME = AppIcon;
				CODE_SIGN_ENTITLEMENTS = iOSBasics/iOSBasics.entitlements;
				CODE_SIGN_STYLE = Automatic;
				DEVELOPMENT_TEAM = CBFTL636AR;
				INFOPLIST_FILE = iOSBasics/Info.plist;
				LD_RUNPATH_SEARCH_PATHS = (
					"$(inherited)",
					"@executable_path/Frameworks",
				);
				PRODUCT_BUNDLE_IDENTIFIER = com.may.iOSBasics;
				PRODUCT_NAME = "$(TARGET_NAME)";
				SWIFT_VERSION = 4.2;
				TARGETED_DEVICE_FAMILY = "1,2";
			};
			name = Debug;
		};
		CB44B28E219BA07000A59600 /* Release */ = {
			isa = XCBuildConfiguration;
			baseConfigurationReference = 3D31729876210C7D313DCCA3 /* Pods-iOSBasics.release.xcconfig */;
			buildSettings = {
				ASSETCATALOG_COMPILER_APPICON_NAME = AppIcon;
				CODE_SIGN_ENTITLEMENTS = iOSBasics/iOSBasics.entitlements;
				CODE_SIGN_STYLE = Automatic;
				DEVELOPMENT_TEAM = CBFTL636AR;
				INFOPLIST_FILE = iOSBasics/Info.plist;
				LD_RUNPATH_SEARCH_PATHS = (
					"$(inherited)",
					"@executable_path/Frameworks",
				);
				PRODUCT_BUNDLE_IDENTIFIER = com.may.iOSBasics;
				PRODUCT_NAME = "$(TARGET_NAME)";
				SWIFT_VERSION = 4.2;
				TARGETED_DEVICE_FAMILY = "1,2";
			};
			name = Release;
		};
		CB44B290219BA07000A59600 /* Debug */ = {
			isa = XCBuildConfiguration;
			buildSettings = {
				ALWAYS_EMBED_SWIFT_STANDARD_LIBRARIES = YES;
				BUNDLE_LOADER = "$(TEST_HOST)";
				CODE_SIGN_STYLE = Automatic;
				DEVELOPMENT_TEAM = CBFTL636AR;
				INFOPLIST_FILE = iOSBasicsTests/Info.plist;
				LD_RUNPATH_SEARCH_PATHS = (
					"$(inherited)",
					"@executable_path/Frameworks",
					"@loader_path/Frameworks",
				);
				PRODUCT_BUNDLE_IDENTIFIER = com.may.iOSBasicsTests;
				PRODUCT_NAME = "$(TARGET_NAME)";
				SWIFT_VERSION = 4.2;
				TARGETED_DEVICE_FAMILY = "1,2";
				TEST_HOST = "$(BUILT_PRODUCTS_DIR)/iOSBasics.app/iOSBasics";
			};
			name = Debug;
		};
		CB44B291219BA07000A59600 /* Release */ = {
			isa = XCBuildConfiguration;
			buildSettings = {
				ALWAYS_EMBED_SWIFT_STANDARD_LIBRARIES = YES;
				BUNDLE_LOADER = "$(TEST_HOST)";
				CODE_SIGN_STYLE = Automatic;
				DEVELOPMENT_TEAM = CBFTL636AR;
				INFOPLIST_FILE = iOSBasicsTests/Info.plist;
				LD_RUNPATH_SEARCH_PATHS = (
					"$(inherited)",
					"@executable_path/Frameworks",
					"@loader_path/Frameworks",
				);
				PRODUCT_BUNDLE_IDENTIFIER = com.may.iOSBasicsTests;
				PRODUCT_NAME = "$(TARGET_NAME)";
				SWIFT_VERSION = 4.2;
				TARGETED_DEVICE_FAMILY = "1,2";
				TEST_HOST = "$(BUILT_PRODUCTS_DIR)/iOSBasics.app/iOSBasics";
			};
			name = Release;
		};
		CB44B293219BA07000A59600 /* Debug */ = {
			isa = XCBuildConfiguration;
			buildSettings = {
				ALWAYS_EMBED_SWIFT_STANDARD_LIBRARIES = YES;
				CODE_SIGN_STYLE = Automatic;
				DEVELOPMENT_TEAM = CBFTL636AR;
				INFOPLIST_FILE = iOSBasicsUITests/Info.plist;
				LD_RUNPATH_SEARCH_PATHS = (
					"$(inherited)",
					"@executable_path/Frameworks",
					"@loader_path/Frameworks",
				);
				PRODUCT_BUNDLE_IDENTIFIER = com.may.iOSBasicsUITests;
				PRODUCT_NAME = "$(TARGET_NAME)";
				SWIFT_VERSION = 4.2;
				TARGETED_DEVICE_FAMILY = "1,2";
				TEST_TARGET_NAME = iOSBasics;
			};
			name = Debug;
		};
		CB44B294219BA07000A59600 /* Release */ = {
			isa = XCBuildConfiguration;
			buildSettings = {
				ALWAYS_EMBED_SWIFT_STANDARD_LIBRARIES = YES;
				CODE_SIGN_STYLE = Automatic;
				DEVELOPMENT_TEAM = CBFTL636AR;
				INFOPLIST_FILE = iOSBasicsUITests/Info.plist;
				LD_RUNPATH_SEARCH_PATHS = (
					"$(inherited)",
					"@executable_path/Frameworks",
					"@loader_path/Frameworks",
				);
				PRODUCT_BUNDLE_IDENTIFIER = com.may.iOSBasicsUITests;
				PRODUCT_NAME = "$(TARGET_NAME)";
				SWIFT_VERSION = 4.2;
				TARGETED_DEVICE_FAMILY = "1,2";
				TEST_TARGET_NAME = iOSBasics;
			};
			name = Release;
		};
/* End XCBuildConfiguration section */

/* Begin XCConfigurationList section */
		CB44B25D219BA06F00A59600 /* Build configuration list for PBXProject "iOSBasics" */ = {
			isa = XCConfigurationList;
			buildConfigurations = (
				CB44B28A219BA07000A59600 /* Debug */,
				CB44B28B219BA07000A59600 /* Release */,
			);
			defaultConfigurationIsVisible = 0;
			defaultConfigurationName = Release;
		};
		CB44B28C219BA07000A59600 /* Build configuration list for PBXNativeTarget "iOSBasics" */ = {
			isa = XCConfigurationList;
			buildConfigurations = (
				CB44B28D219BA07000A59600 /* Debug */,
				CB44B28E219BA07000A59600 /* Release */,
			);
			defaultConfigurationIsVisible = 0;
			defaultConfigurationName = Release;
		};
		CB44B28F219BA07000A59600 /* Build configuration list for PBXNativeTarget "iOSBasicsTests" */ = {
			isa = XCConfigurationList;
			buildConfigurations = (
				CB44B290219BA07000A59600 /* Debug */,
				CB44B291219BA07000A59600 /* Release */,
			);
			defaultConfigurationIsVisible = 0;
			defaultConfigurationName = Release;
		};
		CB44B292219BA07000A59600 /* Build configuration list for PBXNativeTarget "iOSBasicsUITests" */ = {
			isa = XCConfigurationList;
			buildConfigurations = (
				CB44B293219BA07000A59600 /* Debug */,
				CB44B294219BA07000A59600 /* Release */,
			);
			defaultConfigurationIsVisible = 0;
			defaultConfigurationName = Release;
		};
/* End XCConfigurationList section */
	};
	rootObject = CB44B25A219BA06F00A59600 /* Project object */;
}
