// !$*UTF8*$!
{
	archiveVersion = 1;
	classes = {
	};
	objectVersion = 50;
	objects = {

/* Begin PBXBuildFile section */
		CB44B266219BA06F00A59600 /* AppDelegate.swift in Sources */ = {isa = PBXBuildFile; fileRef = CB44B265219BA06F00A59600 /* AppDelegate.swift */; };
		CB44B268219BA06F00A59600 /* MasterViewController.swift in Sources */ = {isa = PBXBuildFile; fileRef = CB44B267219BA06F00A59600 /* MasterViewController.swift */; };
		CB44B26A219BA06F00A59600 /* DetailViewController.swift in Sources */ = {isa = PBXBuildFile; fileRef = CB44B269219BA06F00A59600 /* DetailViewController.swift */; };
		CB44B26D219BA06F00A59600 /* Main.storyboard in Resources */ = {isa = PBXBuildFile; fileRef = CB44B26B219BA06F00A59600 /* Main.storyboard */; };
		CB44B26F219BA07000A59600 /* Assets.xcassets in Resources */ = {isa = PBXBuildFile; fileRef = CB44B26E219BA07000A59600 /* Assets.xcassets */; };
		CB44B272219BA07000A59600 /* LaunchScreen.storyboard in Resources */ = {isa = PBXBuildFile; fileRef = CB44B270219BA07000A59600 /* LaunchScreen.storyboard */; };
		CB44B27D219BA07000A59600 /* iOSBasicsTests.swift in Sources */ = {isa = PBXBuildFile; fileRef = CB44B27C219BA07000A59600 /* iOSBasicsTests.swift */; };
		CB44B288219BA07000A59600 /* iOSBasicsUITests.swift in Sources */ = {isa = PBXBuildFile; fileRef = CB44B287219BA07000A59600 /* iOSBasicsUITests.swift */; };
/* End PBXBuildFile section */

/* Begin PBXContainerItemProxy section */
		CB44B279219BA07000A59600 /* PBXContainerItemProxy */ = {
			isa = PBXContainerItemProxy;
			containerPortal = CB44B25A219BA06F00A59600 /* Project object */;
			proxyType = 1;
			remoteGlobalIDString = CB44B261219BA06F00A59600;
			remoteInfo = iOSBasics;
		};
		CB44B284219BA07000A59600 /* PBXContainerItemProxy */ = {
			isa = PBXContainerItemProxy;
			containerPortal = CB44B25A219BA06F00A59600 /* Project object */;
			proxyType = 1;
			remoteGlobalIDString = CB44B261219BA06F00A59600;
			remoteInfo = iOSBasics;
		};
/* End PBXContainerItemProxy section */

/* Begin PBXFileReference section */
		CB44B262219BA06F00A59600 /* iOSBasics.app */ = {isa = PBXFileReference; explicitFileType = wrapper.application; includeInIndex = 0; path = iOSBasics.app; sourceTree = BUILT_PRODUCTS_DIR; };
		CB44B265219BA06F00A59600 /* AppDelegate.swift */ = {isa = PBXFileReference; lastKnownFileType = sourcecode.swift; path = AppDelegate.swift; sourceTree = "<group>"; };
		CB44B267219BA06F00A59600 /* MasterViewController.swift */ = {isa = PBXFileReference; lastKnownFileType = sourcecode.swift; path = MasterViewController.swift; sourceTree = "<group>"; };
		CB44B269219BA06F00A59600 /* DetailViewController.swift */ = {isa = PBXFileReference; lastKnownFileType = sourcecode.swift; path = DetailViewController.swift; sourceTree = "<group>"; };
		CB44B26C219BA06F00A59600 /* Base */ = {isa = PBXFileReference; lastKnownFileType = file.storyboard; name = Base; path = Base.lproj/Main.storyboard; sourceTree = "<group>"; };
		CB44B26E219BA07000A59600 /* Assets.xcassets */ = {isa = PBXFileReference; lastKnownFileType = folder.assetcatalog; path = Assets.xcassets; sourceTree = "<group>"; };
		CB44B271219BA07000A59600 /* Base */ = {isa = PBXFileReference; lastKnownFileType = file.storyboard; name = Base; path = Base.lproj/LaunchScreen.storyboard; sourceTree = "<group>"; };
		CB44B273219BA07000A59600 /* Info.plist */ = {isa = PBXFileReference; lastKnownFileType = text.plist.xml; path = Info.plist; sourceTree = "<group>"; };
		CB44B278219BA07000A59600 /* iOSBasicsTests.xctest */ = {isa = PBXFileReference; explicitFileType = wrapper.cfbundle; includeInIndex = 0; path = iOSBasicsTests.xctest; sourceTree = BUILT_PRODUCTS_DIR; };
		CB44B27C219BA07000A59600 /* iOSBasicsTests.swift */ = {isa = PBXFileReference; lastKnownFileType = sourcecode.swift; path = iOSBasicsTests.swift; sourceTree = "<group>"; };
		CB44B27E219BA07000A59600 /* Info.plist */ = {isa = PBXFileReference; lastKnownFileType = text.plist.xml; path = Info.plist; sourceTree = "<group>"; };
		CB44B283219BA07000A59600 /* iOSBasicsUITests.xctest */ = {isa = PBXFileReference; explicitFileType = wrapper.cfbundle; includeInIndex = 0; path = iOSBasicsUITests.xctest; sourceTree = BUILT_PRODUCTS_DIR; };
		CB44B287219BA07000A59600 /* iOSBasicsUITests.swift */ = {isa = PBXFileReference; lastKnownFileType = sourcecode.swift; path = iOSBasicsUITests.swift; sourceTree = "<group>"; };
		CB44B289219BA07000A59600 /* Info.plist */ = {isa = PBXFileReference; lastKnownFileType = text.plist.xml; path = Info.plist; sourceTree = "<group>"; };
		CB44B296219BA31500A59600 /* GitUsages.md */ = {isa = PBXFileReference; lastKnownFileType = net.daringfireball.markdown; path = GitUsages.md; sourceTree = "<group>"; };
/* End PBXFileReference section */

/* Begin PBXFrameworksBuildPhase section */
		CB44B25F219BA06F00A59600 /* Frameworks */ = {
			isa = PBXFrameworksBuildPhase;
			buildActionMask = 2147483647;
			files = (
			);
			runOnlyForDeploymentPostprocessing = 0;
		};
		CB44B275219BA07000A59600 /* Frameworks */ = {
			isa = PBXFrameworksBuildPhase;
			buildActionMask = 2147483647;
			files = (
			);
			runOnlyForDeploymentPostprocessing = 0;
		};
		CB44B280219BA07000A59600 /* Frameworks */ = {
			isa = PBXFrameworksBuildPhase;
			buildActionMask = 2147483647;
			files = (
			);
			runOnlyForDeploymentPostprocessing = 0;
		};
/* End PBXFrameworksBuildPhase section */

/* Begin PBXGroup section */
		CB44B259219BA06F00A59600 = {
			isa = PBXGroup;
			children = (
				CB44B264219BA06F00A59600 /* iOSBasics */,
				CB44B27B219BA07000A59600 /* iOSBasicsTests */,
				CB44B286219BA07000A59600 /* iOSBasicsUITests */,
				CB44B263219BA06F00A59600 /* Products */,
			);
			sourceTree = "<group>";
		};
		CB44B263219BA06F00A59600 /* Products */ = {
			isa = PBXGroup;
			children = (
				CB44B262219BA06F00A59600 /* iOSBasics.app */,
				CB44B278219BA07000A59600 /* iOSBasicsTests.xctest */,
				CB44B283219BA07000A59600 /* iOSBasicsUITests.xctest */,
			);
			name = Products;
			sourceTree = "<group>";
		};
		CB44B264219BA06F00A59600 /* iOSBasics */ = {
			isa = PBXGroup;
			children = (
				CB44B295219BA2EC00A59600 /* HowTo */,
				CB44B265219BA06F00A59600 /* AppDelegate.swift */,
				CB44B267219BA06F00A59600 /* MasterViewController.swift */,
				CB44B269219BA06F00A59600 /* DetailViewController.swift */,
				CB44B26B219BA06F00A59600 /* Main.storyboard */,
				CB44B26E219BA07000A59600 /* Assets.xcassets */,
				CB44B270219BA07000A59600 /* LaunchScreen.storyboard */,
				CB44B273219BA07000A59600 /* Info.plist */,
			);
			path = iOSBasics;
			sourceTree = "<group>";
		};
		CB44B27B219BA07000A59600 /* iOSBasicsTests */ = {
			isa = PBXGroup;
			children = (
				CB44B27C219BA07000A59600 /* iOSBasicsTests.swift */,
				CB44B27E219BA07000A59600 /* Info.plist */,
			);
			path = iOSBasicsTests;
			sourceTree = "<group>";
		};
		CB44B286219BA07000A59600 /* iOSBasicsUITests */ = {
			isa = PBXGroup;
			children = (
				CB44B287219BA07000A59600 /* iOSBasicsUITests.swift */,
				CB44B289219BA07000A59600 /* Info.plist */,
			);
			path = iOSBasicsUITests;
			sourceTree = "<group>";
		};
		CB44B295219BA2EC00A59600 /* HowTo */ = {
			isa = PBXGroup;
			children = (
				CB44B296219BA31500A59600 /* GitUsages.md */,
			);
			path = HowTo;
			sourceTree = "<group>";
		};
/* End PBXGroup section */

/* Begin PBXNativeTarget section */
		CB44B261219BA06F00A59600 /* iOSBasics */ = {
			isa = PBXNativeTarget;
			buildConfigurationList = CB44B28C219BA07000A59600 /* Build configuration list for PBXNativeTarget "iOSBasics" */;
			buildPhases = (
				CB44B25E219BA06F00A59600 /* Sources */,
				CB44B25F219BA06F00A59600 /* Frameworks */,
				CB44B260219BA06F00A59600 /* Resources */,
			);
			buildRules = (
			);
			dependencies = (
			);
			name = iOSBasics;
			productName = iOSBasics;
			productReference = CB44B262219BA06F00A59600 /* iOSBasics.app */;
			productType = "com.apple.product-type.application";
		};
		CB44B277219BA07000A59600 /* iOSBasicsTests */ = {
			isa = PBXNativeTarget;
			buildConfigurationList = CB44B28F219BA07000A59600 /* Build configuration list for PBXNativeTarget "iOSBasicsTests" */;
			buildPhases = (
				CB44B274219BA07000A59600 /* Sources */,
				CB44B275219BA07000A59600 /* Frameworks */,
				CB44B276219BA07000A59600 /* Resources */,
			);
			buildRules = (
			);
			dependencies = (
				CB44B27A219BA07000A59600 /* PBXTargetDependency */,
			);
			name = iOSBasicsTests;
			productName = iOSBasicsTests;
			productReference = CB44B278219BA07000A59600 /* iOSBasicsTests.xctest */;
			productType = "com.apple.product-type.bundle.unit-test";
		};
		CB44B282219BA07000A59600 /* iOSBasicsUITests */ = {
			isa = PBXNativeTarget;
			buildConfigurationList = CB44B292219BA07000A59600 /* Build configuration list for PBXNativeTarget "iOSBasicsUITests" */;
			buildPhases = (
				CB44B27F219BA07000A59600 /* Sources */,
				CB44B280219BA07000A59600 /* Frameworks */,
				CB44B281219BA07000A59600 /* Resources */,
			);
			buildRules = (
			);
			dependencies = (
				CB44B285219BA07000A59600 /* PBXTargetDependency */,
			);
			name = iOSBasicsUITests;
			productName = iOSBasicsUITests;
			productReference = CB44B283219BA07000A59600 /* iOSBasicsUITests.xctest */;
			productType = "com.apple.product-type.bundle.ui-testing";
		};
/* End PBXNativeTarget section */

/* Begin PBXProject section */
		CB44B25A219BA06F00A59600 /* Project object */ = {
			isa = PBXProject;
			attributes = {
				LastSwiftUpdateCheck = 1000;
				LastUpgradeCheck = 1000;
				ORGANIZATIONNAME = MayPark;
				TargetAttributes = {
					CB44B261219BA06F00A59600 = {
						CreatedOnToolsVersion = 10.0;
					};
					CB44B277219BA07000A59600 = {
						CreatedOnToolsVersion = 10.0;
						TestTargetID = CB44B261219BA06F00A59600;
					};
					CB44B282219BA07000A59600 = {
						CreatedOnToolsVersion = 10.0;
						TestTargetID = CB44B261219BA06F00A59600;
					};
				};
			};
			buildConfigurationList = CB44B25D219BA06F00A59600 /* Build configuration list for PBXProject "iOSBasics" */;
			compatibilityVersion = "Xcode 9.3";
			developmentRegion = en;
			hasScannedForEncodings = 0;
			knownRegions = (
				en,
				Base,
			);
			mainGroup = CB44B259219BA06F00A59600;
			productRefGroup = CB44B263219BA06F00A59600 /* Products */;
			projectDirPath = "";
			projectRoot = "";
			targets = (
				CB44B261219BA06F00A59600 /* iOSBasics */,
				CB44B277219BA07000A59600 /* iOSBasicsTests */,
				CB44B282219BA07000A59600 /* iOSBasicsUITests */,
			);
		};
/* End PBXProject section */

/* Begin PBXResourcesBuildPhase section */
		CB44B260219BA06F00A59600 /* Resources */ = {
			isa = PBXResourcesBuildPhase;
			buildActionMask = 2147483647;
			files = (
				CB44B272219BA07000A59600 /* LaunchScreen.storyboard in Resources */,
				CB44B26F219BA07000A59600 /* Assets.xcassets in Resources */,
				CB44B26D219BA06F00A59600 /* Main.storyboard in Resources */,
			);
			runOnlyForDeploymentPostprocessing = 0;
		};
		CB44B276219BA07000A59600 /* Resources */ = {
			isa = PBXResourcesBuildPhase;
			buildActionMask = 2147483647;
			files = (
			);
			runOnlyForDeploymentPostprocessing = 0;
		};
		CB44B281219BA07000A59600 /* Resources */ = {
			isa = PBXResourcesBuildPhase;
			buildActionMask = 2147483647;
			files = (
			);
			runOnlyForDeploymentPostprocessing = 0;
		};
/* End PBXResourcesBuildPhase section */

/* Begin PBXSourcesBuildPhase section */
		CB44B25E219BA06F00A59600 /* Sources */ = {
			isa = PBXSourcesBuildPhase;
			buildActionMask = 2147483647;
			files = (
				CB44B26A219BA06F00A59600 /* DetailViewController.swift in Sources */,
				CB44B268219BA06F00A59600 /* MasterViewController.swift in Sources */,
				CB44B266219BA06F00A59600 /* AppDelegate.swift in Sources */,
			);
			runOnlyForDeploymentPostprocessing = 0;
		};
		CB44B274219BA07000A59600 /* Sources */ = {
			isa = PBXSourcesBuildPhase;
			buildActionMask = 2147483647;
			files = (
				CB44B27D219BA07000A59600 /* iOSBasicsTests.swift in Sources */,
			);
			runOnlyForDeploymentPostprocessing = 0;
		};
		CB44B27F219BA07000A59600 /* Sources */ = {
			isa = PBXSourcesBuildPhase;
			buildActionMask = 2147483647;
			files = (
				CB44B288219BA07000A59600 /* iOSBasicsUITests.swift in Sources */,
			);
			runOnlyForDeploymentPostprocessing = 0;
		};
/* End PBXSourcesBuildPhase section */

/* Begin PBXTargetDependency section */
		CB44B27A219BA07000A59600 /* PBXTargetDependency */ = {
			isa = PBXTargetDependency;
			target = CB44B261219BA06F00A59600 /* iOSBasics */;
			targetProxy = CB44B279219BA07000A59600 /* PBXContainerItemProxy */;
		};
		CB44B285219BA07000A59600 /* PBXTargetDependency */ = {
			isa = PBXTargetDependency;
			target = CB44B261219BA06F00A59600 /* iOSBasics */;
			targetProxy = CB44B284219BA07000A59600 /* PBXContainerItemProxy */;
		};
/* End PBXTargetDependency section */

/* Begin PBXVariantGroup section */
		CB44B26B219BA06F00A59600 /* Main.storyboard */ = {
			isa = PBXVariantGroup;
			children = (
				CB44B26C219BA06F00A59600 /* Base */,
			);
			name = Main.storyboard;
			sourceTree = "<group>";
		};
		CB44B270219BA07000A59600 /* LaunchScreen.storyboard */ = {
			isa = PBXVariantGroup;
			children = (
				CB44B271219BA07000A59600 /* Base */,
			);
			name = LaunchScreen.storyboard;
			sourceTree = "<group>";
		};
/* End PBXVariantGroup section */

/* Begin XCBuildConfiguration section */
		CB44B28A219BA07000A59600 /* Debug */ = {
			isa = XCBuildConfiguration;
			buildSettings = {
				ALWAYS_SEARCH_USER_PATHS = NO;
				CLANG_ANALYZER_NONNULL = YES;
				CLANG_ANALYZER_NUMBER_OBJECT_CONVERSION = YES_AGGRESSIVE;
				CLANG_CXX_LANGUAGE_STANDARD = "gnu++14";
				CLANG_CXX_LIBRARY = "libc++";
				CLANG_ENABLE_MODULES = YES;
				CLANG_ENABLE_OBJC_ARC = YES;
				CLANG_ENABLE_OBJC_WEAK = YES;
				CLANG_WARN_BLOCK_CAPTURE_AUTORELEASING = YES;
				CLANG_WARN_BOOL_CONVERSION = YES;
				CLANG_WARN_COMMA = YES;
				CLANG_WARN_CONSTANT_CONVERSION = YES;
				CLANG_WARN_DEPRECATED_OBJC_IMPLEMENTATIONS = YES;
				CLANG_WARN_DIRECT_OBJC_ISA_USAGE = YES_ERROR;
				CLANG_WARN_DOCUMENTATION_COMMENTS = YES;
				CLANG_WARN_EMPTY_BODY = YES;
				CLANG_WARN_ENUM_CONVERSION = YES;
				CLANG_WARN_INFINITE_RECURSION = YES;
				CLANG_WARN_INT_CONVERSION = YES;
				CLANG_WARN_NON_LITERAL_NULL_CONVERSION = YES;
				CLANG_WARN_OBJC_IMPLICIT_RETAIN_SELF = YES;
				CLANG_WARN_OBJC_LITERAL_CONVERSION = YES;
				CLANG_WARN_OBJC_ROOT_CLASS = YES_ERROR;
				CLANG_WARN_RANGE_LOOP_ANALYSIS = YES;
				CLANG_WARN_STRICT_PROTOTYPES = YES;
				CLANG_WARN_SUSPICIOUS_MOVE = YES;
				CLANG_WARN_UNGUARDED_AVAILABILITY = YES_AGGRESSIVE;
				CLANG_WARN_UNREACHABLE_CODE = YES;
				CLANG_WARN__DUPLICATE_METHOD_MATCH = YES;
				CODE_SIGN_IDENTITY = "iPhone Developer";
				COPY_PHASE_STRIP = NO;
				DEBUG_INFORMATION_FORMAT = dwarf;
				ENABLE_STRICT_OBJC_MSGSEND = YES;
				ENABLE_TESTABILITY = YES;
				GCC_C_LANGUAGE_STANDARD = gnu11;
				GCC_DYNAMIC_NO_PIC = NO;
				GCC_NO_COMMON_BLOCKS = YES;
				GCC_OPTIMIZATION_LEVEL = 0;
				GCC_PREPROCESSOR_DEFINITIONS = (
					"DEBUG=1",
					"$(inherited)",
				);
				GCC_WARN_64_TO_32_BIT_CONVERSION = YES;
				GCC_WARN_ABOUT_RETURN_TYPE = YES_ERROR;
				GCC_WARN_UNDECLARED_SELECTOR = YES;
				GCC_WARN_UNINITIALIZED_AUTOS = YES_AGGRESSIVE;
				GCC_WARN_UNUSED_FUNCTION = YES;
				GCC_WARN_UNUSED_VARIABLE = YES;
				IPHONEOS_DEPLOYMENT_TARGET = 12.0;
				MTL_ENABLE_DEBUG_INFO = INCLUDE_SOURCE;
				MTL_FAST_MATH = YES;
				ONLY_ACTIVE_ARCH = YES;
				SDKROOT = iphoneos;
				SWIFT_ACTIVE_COMPILATION_CONDITIONS = DEBUG;
				SWIFT_OPTIMIZATION_LEVEL = "-Onone";
			};
			name = Debug;
		};
		CB44B28B219BA07000A59600 /* Release */ = {
			isa = XCBuildConfiguration;
			buildSettings = {
				ALWAYS_SEARCH_USER_PATHS = NO;
				CLANG_ANALYZER_NONNULL = YES;
				CLANG_ANALYZER_NUMBER_OBJECT_CONVERSION = YES_AGGRESSIVE;
				CLANG_CXX_LANGUAGE_STANDARD = "gnu++14";
				CLANG_CXX_LIBRARY = "libc++";
				CLANG_ENABLE_MODULES = YES;
				CLANG_ENABLE_OBJC_ARC = YES;
				CLANG_ENABLE_OBJC_WEAK = YES;
				CLANG_WARN_BLOCK_CAPTURE_AUTORELEASING = YES;
				CLANG_WARN_BOOL_CONVERSION = YES;
				CLANG_WARN_COMMA = YES;
				CLANG_WARN_CONSTANT_CONVERSION = YES;
				CLANG_WARN_DEPRECATED_OBJC_IMPLEMENTATIONS = YES;
				CLANG_WARN_DIRECT_OBJC_ISA_USAGE = YES_ERROR;
				CLANG_WARN_DOCUMENTATION_COMMENTS = YES;
				CLANG_WARN_EMPTY_BODY = YES;
				CLANG_WARN_ENUM_CONVERSION = YES;
				CLANG_WARN_INFINITE_RECURSION = YES;
				CLANG_WARN_INT_CONVERSION = YES;
				CLANG_WARN_NON_LITERAL_NULL_CONVERSION = YES;
				CLANG_WARN_OBJC_IMPLICIT_RETAIN_SELF = YES;
				CLANG_WARN_OBJC_LITERAL_CONVERSION = YES;
				CLANG_WARN_OBJC_ROOT_CLASS = YES_ERROR;
				CLANG_WARN_RANGE_LOOP_ANALYSIS = YES;
				CLANG_WARN_STRICT_PROTOTYPES = YES;
				CLANG_WARN_SUSPICIOUS_MOVE = YES;
				CLANG_WARN_UNGUARDED_AVAILABILITY = YES_AGGRESSIVE;
				CLANG_WARN_UNREACHABLE_CODE = YES;
				CLANG_WARN__DUPLICATE_METHOD_MATCH = YES;
				CODE_SIGN_IDENTITY = "iPhone Developer";
				COPY_PHASE_STRIP = NO;
				DEBUG_INFORMATION_FORMAT = "dwarf-with-dsym";
				ENABLE_NS_ASSERTIONS = NO;
				ENABLE_STRICT_OBJC_MSGSEND = YES;
				GCC_C_LANGUAGE_STANDARD = gnu11;
				GCC_NO_COMMON_BLOCKS = YES;
				GCC_WARN_64_TO_32_BIT_CONVERSION = YES;
				GCC_WARN_ABOUT_RETURN_TYPE = YES_ERROR;
				GCC_WARN_UNDECLARED_SELECTOR = YES;
				GCC_WARN_UNINITIALIZED_AUTOS = YES_AGGRESSIVE;
				GCC_WARN_UNUSED_FUNCTION = YES;
				GCC_WARN_UNUSED_VARIABLE = YES;
				IPHONEOS_DEPLOYMENT_TARGET = 12.0;
				MTL_ENABLE_DEBUG_INFO = NO;
				MTL_FAST_MATH = YES;
				SDKROOT = iphoneos;
				SWIFT_COMPILATION_MODE = wholemodule;
				SWIFT_OPTIMIZATION_LEVEL = "-O";
				VALIDATE_PRODUCT = YES;
			};
			name = Release;
		};
		CB44B28D219BA07000A59600 /* Debug */ = {
			isa = XCBuildConfiguration;
			buildSettings = {
				ASSETCATALOG_COMPILER_APPICON_NAME = AppIcon;
				CODE_SIGN_STYLE = Automatic;
				DEVELOPMENT_TEAM = CBFTL636AR;
				INFOPLIST_FILE = iOSBasics/Info.plist;
				LD_RUNPATH_SEARCH_PATHS = (
					"$(inherited)",
					"@executable_path/Frameworks",
				);
				PRODUCT_BUNDLE_IDENTIFIER = com.may.iOSBasics;
				PRODUCT_NAME = "$(TARGET_NAME)";
				SWIFT_VERSION = 4.2;
				TARGETED_DEVICE_FAMILY = "1,2";
			};
			name = Debug;
		};
		CB44B28E219BA07000A59600 /* Release */ = {
			isa = XCBuildConfiguration;
			buildSettings = {
				ASSETCATALOG_COMPILER_APPICON_NAME = AppIcon;
				CODE_SIGN_STYLE = Automatic;
				DEVELOPMENT_TEAM = CBFTL636AR;
				INFOPLIST_FILE = iOSBasics/Info.plist;
				LD_RUNPATH_SEARCH_PATHS = (
					"$(inherited)",
					"@executable_path/Frameworks",
				);
				PRODUCT_BUNDLE_IDENTIFIER = com.may.iOSBasics;
				PRODUCT_NAME = "$(TARGET_NAME)";
				SWIFT_VERSION = 4.2;
				TARGETED_DEVICE_FAMILY = "1,2";
			};
			name = Release;
		};
		CB44B290219BA07000A59600 /* Debug */ = {
			isa = XCBuildConfiguration;
			buildSettings = {
				ALWAYS_EMBED_SWIFT_STANDARD_LIBRARIES = YES;
				BUNDLE_LOADER = "$(TEST_HOST)";
				CODE_SIGN_STYLE = Automatic;
				DEVELOPMENT_TEAM = CBFTL636AR;
				INFOPLIST_FILE = iOSBasicsTests/Info.plist;
				LD_RUNPATH_SEARCH_PATHS = (
					"$(inherited)",
					"@executable_path/Frameworks",
					"@loader_path/Frameworks",
				);
				PRODUCT_BUNDLE_IDENTIFIER = com.may.iOSBasicsTests;
				PRODUCT_NAME = "$(TARGET_NAME)";
				SWIFT_VERSION = 4.2;
				TARGETED_DEVICE_FAMILY = "1,2";
				TEST_HOST = "$(BUILT_PRODUCTS_DIR)/iOSBasics.app/iOSBasics";
			};
			name = Debug;
		};
		CB44B291219BA07000A59600 /* Release */ = {
			isa = XCBuildConfiguration;
			buildSettings = {
				ALWAYS_EMBED_SWIFT_STANDARD_LIBRARIES = YES;
				BUNDLE_LOADER = "$(TEST_HOST)";
				CODE_SIGN_STYLE = Automatic;
				DEVELOPMENT_TEAM = CBFTL636AR;
				INFOPLIST_FILE = iOSBasicsTests/Info.plist;
				LD_RUNPATH_SEARCH_PATHS = (
					"$(inherited)",
					"@executable_path/Frameworks",
					"@loader_path/Frameworks",
				);
				PRODUCT_BUNDLE_IDENTIFIER = com.may.iOSBasicsTests;
				PRODUCT_NAME = "$(TARGET_NAME)";
				SWIFT_VERSION = 4.2;
				TARGETED_DEVICE_FAMILY = "1,2";
				TEST_HOST = "$(BUILT_PRODUCTS_DIR)/iOSBasics.app/iOSBasics";
			};
			name = Release;
		};
		CB44B293219BA07000A59600 /* Debug */ = {
			isa = XCBuildConfiguration;
			buildSettings = {
				ALWAYS_EMBED_SWIFT_STANDARD_LIBRARIES = YES;
				CODE_SIGN_STYLE = Automatic;
				DEVELOPMENT_TEAM = CBFTL636AR;
				INFOPLIST_FILE = iOSBasicsUITests/Info.plist;
				LD_RUNPATH_SEARCH_PATHS = (
					"$(inherited)",
					"@executable_path/Frameworks",
					"@loader_path/Frameworks",
				);
				PRODUCT_BUNDLE_IDENTIFIER = com.may.iOSBasicsUITests;
				PRODUCT_NAME = "$(TARGET_NAME)";
				SWIFT_VERSION = 4.2;
				TARGETED_DEVICE_FAMILY = "1,2";
				TEST_TARGET_NAME = iOSBasics;
			};
			name = Debug;
		};
		CB44B294219BA07000A59600 /* Release */ = {
			isa = XCBuildConfiguration;
			buildSettings = {
				ALWAYS_EMBED_SWIFT_STANDARD_LIBRARIES = YES;
				CODE_SIGN_STYLE = Automatic;
				DEVELOPMENT_TEAM = CBFTL636AR;
				INFOPLIST_FILE = iOSBasicsUITests/Info.plist;
				LD_RUNPATH_SEARCH_PATHS = (
					"$(inherited)",
					"@executable_path/Frameworks",
					"@loader_path/Frameworks",
				);
				PRODUCT_BUNDLE_IDENTIFIER = com.may.iOSBasicsUITests;
				PRODUCT_NAME = "$(TARGET_NAME)";
				SWIFT_VERSION = 4.2;
				TARGETED_DEVICE_FAMILY = "1,2";
				TEST_TARGET_NAME = iOSBasics;
			};
			name = Release;
		};
/* End XCBuildConfiguration section */

/* Begin XCConfigurationList section */
		CB44B25D219BA06F00A59600 /* Build configuration list for PBXProject "iOSBasics" */ = {
			isa = XCConfigurationList;
			buildConfigurations = (
				CB44B28A219BA07000A59600 /* Debug */,
				CB44B28B219BA07000A59600 /* Release */,
			);
			defaultConfigurationIsVisible = 0;
			defaultConfigurationName = Release;
		};
		CB44B28C219BA07000A59600 /* Build configuration list for PBXNativeTarget "iOSBasics" */ = {
			isa = XCConfigurationList;
			buildConfigurations = (
				CB44B28D219BA07000A59600 /* Debug */,
				CB44B28E219BA07000A59600 /* Release */,
			);
			defaultConfigurationIsVisible = 0;
			defaultConfigurationName = Release;
		};
		CB44B28F219BA07000A59600 /* Build configuration list for PBXNativeTarget "iOSBasicsTests" */ = {
			isa = XCConfigurationList;
			buildConfigurations = (
				CB44B290219BA07000A59600 /* Debug */,
				CB44B291219BA07000A59600 /* Release */,
			);
			defaultConfigurationIsVisible = 0;
			defaultConfigurationName = Release;
		};
		CB44B292219BA07000A59600 /* Build configuration list for PBXNativeTarget "iOSBasicsUITests" */ = {
			isa = XCConfigurationList;
			buildConfigurations = (
				CB44B293219BA07000A59600 /* Debug */,
				CB44B294219BA07000A59600 /* Release */,
			);
			defaultConfigurationIsVisible = 0;
			defaultConfigurationName = Release;
		};
/* End XCConfigurationList section */
	};
	rootObject = CB44B25A219BA06F00A59600 /* Project object */;
}
